# This file is automatically @generated by Cargo.
# It is not intended for manual editing.
version = 3

[[package]]
name = "mimir-app"
version = "0.0.0"
dependencies = [
 "mimir-audio",
 "mimir-core",
]

[[package]]
name = "mimir-audio"
version = "0.0.0"

[[package]]
name = "mimir-core"
version = "0.0.0"
